
Microsoft Visual Studio Solution File, Format Version 12.00
# Visual Studio Version 17
VisualStudioVersion = 17.12.35707.178 d17.12
MinimumVisualStudioVersion = 10.0.40219.1
Project("{FAE04EC0-301F-11D3-BF4B-00C04F79EFBC}") = "FrameworkForms", "FrameworkForms\FrameworkForms.csproj", "{10B1E6C5-845A-4786-AB5F-3540C6E2EA6A}"
EndProject
Project("{FAE04EC0-301F-11D3-BF4B-00C04F79EFBC}") = "ClassLibrary", "ClassLibrary\ClassLibrary.csproj", "{A5670A49-26B2-47A1-9459-7DAF70A2D774}"
EndProject
Project("{FAE04EC0-301F-11D3-BF4B-00C04F79EFBC}") = "Replacer", "Replacer\Replacer.csproj", "{C95AEE87-4332-428B-8E20-6A58F37AE0B8}"
EndProject
Global
	GlobalSection(SolutionConfigurationPlatforms) = preSolution
		Debug|Any CPU = Debug|Any CPU
		Release|Any CPU = Release|Any CPU
	EndGlobalSection
	GlobalSection(ProjectConfigurationPlatforms) = postSolution
		{10B1E6C5-845A-4786-AB5F-3540C6E2EA6A}.Debug|Any CPU.ActiveCfg = Debug|Any CPU
		{10B1E6C5-845A-4786-AB5F-3540C6E2EA6A}.Debug|Any CPU.Build.0 = Debug|Any CPU
		{10B1E6C5-845A-4786-AB5F-3540C6E2EA6A}.Release|Any CPU.ActiveCfg = Release|Any CPU
		{10B1E6C5-845A-4786-AB5F-3540C6E2EA6A}.Release|Any CPU.Build.0 = Release|Any CPU
		{A5670A49-26B2-47A1-9459-7DAF70A2D774}.Debug|Any CPU.ActiveCfg = Debug|Any CPU
		{A5670A49-26B2-47A1-9459-7DAF70A2D774}.Debug|Any CPU.Build.0 = Debug|Any CPU
		{A5670A49-26B2-47A1-9459-7DAF70A2D774}.Release|Any CPU.ActiveCfg = Release|Any CPU
		{A5670A49-26B2-47A1-9459-7DAF70A2D774}.Release|Any CPU.Build.0 = Release|Any CPU
		{C95AEE87-4332-428B-8E20-6A58F37AE0B8}.Debug|Any CPU.ActiveCfg = Debug|Any CPU
		{C95AEE87-4332-428B-8E20-6A58F37AE0B8}.Debug|Any CPU.Build.0 = Debug|Any CPU
		{C95AEE87-4332-428B-8E20-6A58F37AE0B8}.Release|Any CPU.ActiveCfg = Release|Any CPU
		{C95AEE87-4332-428B-8E20-6A58F37AE0B8}.Release|Any CPU.Build.0 = Release|Any CPU
	EndGlobalSection
	GlobalSection(SolutionProperties) = preSolution
		HideSolutionNode = FALSE
	EndGlobalSection
EndGlobal
